
Microsoft Visual Studio Solution File, Format Version 12.00
# Visual Studio 15
VisualStudioVersion = 15.0.28307.852
MinimumVisualStudioVersion = 10.0.40219.1
Project("{FAE04EC0-301F-11D3-BF4B-00C04F79EFBC}") = "Project.MVC", "Project.MVC\Project.MVC.csproj", "{062D9187-837D-45D4-8CC7-A1C049357F0C}"
EndProject
Project("{FAE04EC0-301F-11D3-BF4B-00C04F79EFBC}") = "Project.Core", "Project.Core\Project.Core.csproj", "{2F71AE67-714D-409E-930E-9F3ECFB0A4AF}"
EndProject
Global
	GlobalSection(SolutionConfigurationPlatforms) = preSolution
		Debug|Any CPU = Debug|Any CPU
		Release|Any CPU = Release|Any CPU
	EndGlobalSection
	GlobalSection(ProjectConfigurationPlatforms) = postSolution
		{062D9187-837D-45D4-8CC7-A1C049357F0C}.Debug|Any CPU.ActiveCfg = Debug|Any CPU
		{062D9187-837D-45D4-8CC7-A1C049357F0C}.Debug|Any CPU.Build.0 = Debug|Any CPU
		{062D9187-837D-45D4-8CC7-A1C049357F0C}.Release|Any CPU.ActiveCfg = Release|Any CPU
		{062D9187-837D-45D4-8CC7-A1C049357F0C}.Release|Any CPU.Build.0 = Release|Any CPU
		{2F71AE67-714D-409E-930E-9F3ECFB0A4AF}.Debug|Any CPU.ActiveCfg = Debug|Any CPU
		{2F71AE67-714D-409E-930E-9F3ECFB0A4AF}.Debug|Any CPU.Build.0 = Debug|Any CPU
		{2F71AE67-714D-409E-930E-9F3ECFB0A4AF}.Release|Any CPU.ActiveCfg = Release|Any CPU
		{2F71AE67-714D-409E-930E-9F3ECFB0A4AF}.Release|Any CPU.Build.0 = Release|Any CPU
	EndGlobalSection
	GlobalSection(SolutionProperties) = preSolution
		HideSolutionNode = FALSE
	EndGlobalSection
	GlobalSection(ExtensibilityGlobals) = postSolution
		SolutionGuid = {49AC46DB-01F2-4085-B4EE-50562859FCDE}
	EndGlobalSection
EndGlobal
